
Microsoft Visual Studio Solution File, Format Version 12.00
# Visual Studio Version 16
VisualStudioVersion = 16.0.31624.102
MinimumVisualStudioVersion = 10.0.40219.1
Project("{FAE04EC0-301F-11D3-BF4B-00C04F79EFBC}") = "TP.EF.UI", "TP.EF.UI\TP.EF.UI.csproj", "{2117C6AA-E738-4FCE-84C2-7F8418C7A469}"
EndProject
Project("{FAE04EC0-301F-11D3-BF4B-00C04F79EFBC}") = "TP4.EF.Logic", "TP4.EF.Logic\TP4.EF.Logic.csproj", "{14864FDF-C2D2-4BF5-B45E-5E6FCA3EEF44}"
EndProject
Project("{FAE04EC0-301F-11D3-BF4B-00C04F79EFBC}") = "TP4.EF.Data", "TP4.EF.Data\TP4.EF.Data.csproj", "{C28E3C5B-28AB-4F0E-BB0A-6FB48608C8F0}"
EndProject
Project("{FAE04EC0-301F-11D3-BF4B-00C04F79EFBC}") = "TP4.EF.Entities", "TP4.EF.Entities\TP4.EF.Entities.csproj", "{88842082-AD87-400F-9681-82A864BBAA3C}"
EndProject
Project("{FAE04EC0-301F-11D3-BF4B-00C04F79EFBC}") = "TP4.EF.LogicTests", "TP4.EF.LogicTests\TP4.EF.LogicTests.csproj", "{8B2B2AA8-F376-4AFE-90B9-4A299F24645D}"
EndProject
Project("{FAE04EC0-301F-11D3-BF4B-00C04F79EFBC}") = "TP4.EF.MVC", "TP4.EF.MVC\TP4.EF.MVC.csproj", "{FD122F8B-6242-4FD1-9E7F-77136B90F4D6}"
EndProject
Project("{FAE04EC0-301F-11D3-BF4B-00C04F79EFBC}") = "TP4.EF.API", "TP4.EF.API\TP4.EF.API.csproj", "{B15DF31C-29B9-407E-B00B-0303FDC02268}"
EndProject
Global
	GlobalSection(SolutionConfigurationPlatforms) = preSolution
		Debug|Any CPU = Debug|Any CPU
		Release|Any CPU = Release|Any CPU
	EndGlobalSection
	GlobalSection(ProjectConfigurationPlatforms) = postSolution
		{2117C6AA-E738-4FCE-84C2-7F8418C7A469}.Debug|Any CPU.ActiveCfg = Debug|Any CPU
		{2117C6AA-E738-4FCE-84C2-7F8418C7A469}.Debug|Any CPU.Build.0 = Debug|Any CPU
		{2117C6AA-E738-4FCE-84C2-7F8418C7A469}.Release|Any CPU.ActiveCfg = Release|Any CPU
		{2117C6AA-E738-4FCE-84C2-7F8418C7A469}.Release|Any CPU.Build.0 = Release|Any CPU
		{14864FDF-C2D2-4BF5-B45E-5E6FCA3EEF44}.Debug|Any CPU.ActiveCfg = Debug|Any CPU
		{14864FDF-C2D2-4BF5-B45E-5E6FCA3EEF44}.Debug|Any CPU.Build.0 = Debug|Any CPU
		{14864FDF-C2D2-4BF5-B45E-5E6FCA3EEF44}.Release|Any CPU.ActiveCfg = Release|Any CPU
		{14864FDF-C2D2-4BF5-B45E-5E6FCA3EEF44}.Release|Any CPU.Build.0 = Release|Any CPU
		{C28E3C5B-28AB-4F0E-BB0A-6FB48608C8F0}.Debug|Any CPU.ActiveCfg = Debug|Any CPU
		{C28E3C5B-28AB-4F0E-BB0A-6FB48608C8F0}.Debug|Any CPU.Build.0 = Debug|Any CPU
		{C28E3C5B-28AB-4F0E-BB0A-6FB48608C8F0}.Release|Any CPU.ActiveCfg = Release|Any CPU
		{C28E3C5B-28AB-4F0E-BB0A-6FB48608C8F0}.Release|Any CPU.Build.0 = Release|Any CPU
		{88842082-AD87-400F-9681-82A864BBAA3C}.Debug|Any CPU.ActiveCfg = Debug|Any CPU
		{88842082-AD87-400F-9681-82A864BBAA3C}.Debug|Any CPU.Build.0 = Debug|Any CPU
		{88842082-AD87-400F-9681-82A864BBAA3C}.Release|Any CPU.ActiveCfg = Release|Any CPU
		{88842082-AD87-400F-9681-82A864BBAA3C}.Release|Any CPU.Build.0 = Release|Any CPU
		{8B2B2AA8-F376-4AFE-90B9-4A299F24645D}.Debug|Any CPU.ActiveCfg = Debug|Any CPU
		{8B2B2AA8-F376-4AFE-90B9-4A299F24645D}.Debug|Any CPU.Build.0 = Debug|Any CPU
		{8B2B2AA8-F376-4AFE-90B9-4A299F24645D}.Release|Any CPU.ActiveCfg = Release|Any CPU
		{8B2B2AA8-F376-4AFE-90B9-4A299F24645D}.Release|Any CPU.Build.0 = Release|Any CPU
		{FD122F8B-6242-4FD1-9E7F-77136B90F4D6}.Debug|Any CPU.ActiveCfg = Debug|Any CPU
		{FD122F8B-6242-4FD1-9E7F-77136B90F4D6}.Debug|Any CPU.Build.0 = Debug|Any CPU
		{FD122F8B-6242-4FD1-9E7F-77136B90F4D6}.Release|Any CPU.ActiveCfg = Release|Any CPU
		{FD122F8B-6242-4FD1-9E7F-77136B90F4D6}.Release|Any CPU.Build.0 = Release|Any CPU
		{B15DF31C-29B9-407E-B00B-0303FDC02268}.Debug|Any CPU.ActiveCfg = Debug|Any CPU
		{B15DF31C-29B9-407E-B00B-0303FDC02268}.Debug|Any CPU.Build.0 = Debug|Any CPU
		{B15DF31C-29B9-407E-B00B-0303FDC02268}.Release|Any CPU.ActiveCfg = Release|Any CPU
		{B15DF31C-29B9-407E-B00B-0303FDC02268}.Release|Any CPU.Build.0 = Release|Any CPU
	EndGlobalSection
	GlobalSection(SolutionProperties) = preSolution
		HideSolutionNode = FALSE
	EndGlobalSection
	GlobalSection(ExtensibilityGlobals) = postSolution
		SolutionGuid = {E797FA8D-F7A9-4CA1-94B8-2CF880257869}
	EndGlobalSection
EndGlobal
